
Microsoft Visual Studio Solution File, Format Version 12.00
# Visual Studio Version 16
VisualStudioVersion = 16.0.31205.134
MinimumVisualStudioVersion = 10.0.40219.1
Project("{9A19103F-16F7-4668-BE54-9A1E7A4F7556}") = "Shows4AllMicaela", "Shows4AllMicaela.csproj", "{0D67CB50-3EE2-4AD3-A1B8-1D0F47951CD4}"
EndProject
Global
	GlobalSection(SolutionConfigurationPlatforms) = preSolution
		Debug|Any CPU = Debug|Any CPU
		Release|Any CPU = Release|Any CPU
	EndGlobalSection
	GlobalSection(ProjectConfigurationPlatforms) = postSolution
		{0D67CB50-3EE2-4AD3-A1B8-1D0F47951CD4}.Debug|Any CPU.ActiveCfg = Debug|Any CPU
		{0D67CB50-3EE2-4AD3-A1B8-1D0F47951CD4}.Debug|Any CPU.Build.0 = Debug|Any CPU
		{0D67CB50-3EE2-4AD3-A1B8-1D0F47951CD4}.Release|Any CPU.ActiveCfg = Release|Any CPU
		{0D67CB50-3EE2-4AD3-A1B8-1D0F47951CD4}.Release|Any CPU.Build.0 = Release|Any CPU
	EndGlobalSection
	GlobalSection(SolutionProperties) = preSolution
		HideSolutionNode = FALSE
	EndGlobalSection
	GlobalSection(ExtensibilityGlobals) = postSolution
		SolutionGuid = {DDADD4D7-A78B-43A8-B8E0-DFF17FE62E72}
	EndGlobalSection
EndGlobal
